{
  "name": "react-vr-demos",
  "version": "0.0.1",
  "lockfileVersion": 1,
  "requires": true,
  "dependencies": {
    "simple-raycaster": {
      "version": "1.0.1",
      "resolved": "https://registry.npmjs.org/simple-raycaster/-/simple-raycaster-1.0.1.tgz",
      "integrity": "sha1-owsbTtI2OwbQsLLEquIhngeT5kQ="
    }
  }
}
